
Microsoft Visual Studio Solution File, Format Version 12.00
# Visual Studio Version 17
VisualStudioVersion = 17.4.33403.182
MinimumVisualStudioVersion = 10.0.40219.1
Project("{8BC9CEB8-8B4A-11D0-8D11-00A0C91BC942}") = "bonus", "bonus\bonus.vcxproj", "{56A6B5D0-3153-4EC7-9699-30DC8896AE92}"
EndProject
Global
	GlobalSection(SolutionConfigurationPlatforms) = preSolution
		Debug|x64 = Debug|x64
		Debug|x86 = Debug|x86
		Release|x64 = Release|x64
		Release|x86 = Release|x86
	EndGlobalSection
	GlobalSection(ProjectConfigurationPlatforms) = postSolution
		{56A6B5D0-3153-4EC7-9699-30DC8896AE92}.Debug|x64.ActiveCfg = Debug|x64
		{56A6B5D0-3153-4EC7-9699-30DC8896AE92}.Debug|x64.Build.0 = Debug|x64
		{56A6B5D0-3153-4EC7-9699-30DC8896AE92}.Debug|x86.ActiveCfg = Debug|Win32
		{56A6B5D0-3153-4EC7-9699-30DC8896AE92}.Debug|x86.Build.0 = Debug|Win32
		{56A6B5D0-3153-4EC7-9699-30DC8896AE92}.Release|x64.ActiveCfg = Release|x64
		{56A6B5D0-3153-4EC7-9699-30DC8896AE92}.Release|x64.Build.0 = Release|x64
		{56A6B5D0-3153-4EC7-9699-30DC8896AE92}.Release|x86.ActiveCfg = Release|Win32
		{56A6B5D0-3153-4EC7-9699-30DC8896AE92}.Release|x86.Build.0 = Release|Win32
	EndGlobalSection
	GlobalSection(SolutionProperties) = preSolution
		HideSolutionNode = FALSE
	EndGlobalSection
	GlobalSection(ExtensibilityGlobals) = postSolution
		SolutionGuid = {354EC580-F56C-4BE7-B9C8-0E79F8F21C79}
	EndGlobalSection
EndGlobal
