
Microsoft Visual Studio Solution File, Format Version 12.00
# Visual Studio Version 17
VisualStudioVersion = 17.5.33502.453
MinimumVisualStudioVersion = 10.0.40219.1
Project("{8BC9CEB8-8B4A-11D0-8D11-00A0C91BC942}") = "exersare 10 POO", "exersare 10 POO.vcxproj", "{536E1DF7-91F5-49FB-834C-CD740F72A88A}"
EndProject
Global
	GlobalSection(SolutionConfigurationPlatforms) = preSolution
		Debug|x64 = Debug|x64
		Debug|x86 = Debug|x86
		Release|x64 = Release|x64
		Release|x86 = Release|x86
	EndGlobalSection
	GlobalSection(ProjectConfigurationPlatforms) = postSolution
		{536E1DF7-91F5-49FB-834C-CD740F72A88A}.Debug|x64.ActiveCfg = Debug|x64
		{536E1DF7-91F5-49FB-834C-CD740F72A88A}.Debug|x64.Build.0 = Debug|x64
		{536E1DF7-91F5-49FB-834C-CD740F72A88A}.Debug|x86.ActiveCfg = Debug|Win32
		{536E1DF7-91F5-49FB-834C-CD740F72A88A}.Debug|x86.Build.0 = Debug|Win32
		{536E1DF7-91F5-49FB-834C-CD740F72A88A}.Release|x64.ActiveCfg = Release|x64
		{536E1DF7-91F5-49FB-834C-CD740F72A88A}.Release|x64.Build.0 = Release|x64
		{536E1DF7-91F5-49FB-834C-CD740F72A88A}.Release|x86.ActiveCfg = Release|Win32
		{536E1DF7-91F5-49FB-834C-CD740F72A88A}.Release|x86.Build.0 = Release|Win32
	EndGlobalSection
	GlobalSection(SolutionProperties) = preSolution
		HideSolutionNode = FALSE
	EndGlobalSection
	GlobalSection(ExtensibilityGlobals) = postSolution
		SolutionGuid = {09BD8A88-15C7-40DA-9041-0B85025674C3}
	EndGlobalSection
EndGlobal
