
Microsoft Visual Studio Solution File, Format Version 12.00
# Visual Studio 15
VisualStudioVersion = 15.0.28307.1000
MinimumVisualStudioVersion = 10.0.40219.1
Project("{8BC9CEB8-8B4A-11D0-8D11-00A0C91BC942}") = "Lecture3Demo", "Lecture3Demo\Lecture3Demo.vcxproj", "{8C3B85B1-8D62-4C1D-8337-DBFC4BCCA440}"
EndProject
Global
	GlobalSection(SolutionConfigurationPlatforms) = preSolution
		Debug|x64 = Debug|x64
		Debug|x86 = Debug|x86
		Release|x64 = Release|x64
		Release|x86 = Release|x86
	EndGlobalSection
	GlobalSection(ProjectConfigurationPlatforms) = postSolution
		{8C3B85B1-8D62-4C1D-8337-DBFC4BCCA440}.Debug|x64.ActiveCfg = Debug|x64
		{8C3B85B1-8D62-4C1D-8337-DBFC4BCCA440}.Debug|x64.Build.0 = Debug|x64
		{8C3B85B1-8D62-4C1D-8337-DBFC4BCCA440}.Debug|x86.ActiveCfg = Debug|Win32
		{8C3B85B1-8D62-4C1D-8337-DBFC4BCCA440}.Debug|x86.Build.0 = Debug|Win32
		{8C3B85B1-8D62-4C1D-8337-DBFC4BCCA440}.Release|x64.ActiveCfg = Release|x64
		{8C3B85B1-8D62-4C1D-8337-DBFC4BCCA440}.Release|x64.Build.0 = Release|x64
		{8C3B85B1-8D62-4C1D-8337-DBFC4BCCA440}.Release|x86.ActiveCfg = Release|Win32
		{8C3B85B1-8D62-4C1D-8337-DBFC4BCCA440}.Release|x86.Build.0 = Release|Win32
	EndGlobalSection
	GlobalSection(SolutionProperties) = preSolution
		HideSolutionNode = FALSE
	EndGlobalSection
	GlobalSection(ExtensibilityGlobals) = postSolution
		SolutionGuid = {34CE1991-C493-44B7-975D-F5DB55803FCD}
	EndGlobalSection
EndGlobal
