
Microsoft Visual Studio Solution File, Format Version 12.00
# Visual Studio Version 17
VisualStudioVersion = 17.4.33403.182
MinimumVisualStudioVersion = 10.0.40219.1
Project("{8BC9CEB8-8B4A-11D0-8D11-00A0C91BC942}") = "Seminar1pb7", "Seminar1pb7\Seminar1pb7.vcxproj", "{9B04D7D1-13D4-4AB4-A974-EB72AACEF67B}"
EndProject
Global
	GlobalSection(SolutionConfigurationPlatforms) = preSolution
		Debug|x64 = Debug|x64
		Debug|x86 = Debug|x86
		Release|x64 = Release|x64
		Release|x86 = Release|x86
	EndGlobalSection
	GlobalSection(ProjectConfigurationPlatforms) = postSolution
		{9B04D7D1-13D4-4AB4-A974-EB72AACEF67B}.Debug|x64.ActiveCfg = Debug|x64
		{9B04D7D1-13D4-4AB4-A974-EB72AACEF67B}.Debug|x64.Build.0 = Debug|x64
		{9B04D7D1-13D4-4AB4-A974-EB72AACEF67B}.Debug|x86.ActiveCfg = Debug|Win32
		{9B04D7D1-13D4-4AB4-A974-EB72AACEF67B}.Debug|x86.Build.0 = Debug|Win32
		{9B04D7D1-13D4-4AB4-A974-EB72AACEF67B}.Release|x64.ActiveCfg = Release|x64
		{9B04D7D1-13D4-4AB4-A974-EB72AACEF67B}.Release|x64.Build.0 = Release|x64
		{9B04D7D1-13D4-4AB4-A974-EB72AACEF67B}.Release|x86.ActiveCfg = Release|Win32
		{9B04D7D1-13D4-4AB4-A974-EB72AACEF67B}.Release|x86.Build.0 = Release|Win32
	EndGlobalSection
	GlobalSection(SolutionProperties) = preSolution
		HideSolutionNode = FALSE
	EndGlobalSection
	GlobalSection(ExtensibilityGlobals) = postSolution
		SolutionGuid = {EB8A45B5-BE2E-46A5-83C4-C3CE38A52780}
	EndGlobalSection
EndGlobal
